# This file is autogenerated, do not edit; changes may be undone by the next 'dep ensure'.


[[projects]]
  digest = "1:f7499626626215283473733b7428e3b26457a92cf9dbb1518262fbc4f7523423"
  name = "github.com/asdine/storm"
  packages = [
    ".",
    "codec",
    "codec/json",
    "index",
    "internal",
    "q",
  ]
  pruneopts = "UT"
  revision = "e0f77eada154c7c2670527a8566d3c045880224f"
  version = "v2.2.1"

[[projects]]
  digest = "1:f2ac2c724fc8214bb7b9dd6d4f5b7a983152051f5133320f228557182263cb94"
  name = "go.etcd.io/bbolt"
  packages = ["."]
  pruneopts = "UT"
  revision = "a0458a2b35708eef59eb5f620ceb3cd1c01a824d"
  version = "v1.3.3"

[[projects]]
  digest = "1:6e898847e5e1a1e0068a915fc9d4476a6e3399ee3cdd1122f3dad90e49c9c3b8"
  name = "goji.io"
  packages = [
    ".",
    "internal",
    "pat",
    "pattern",
  ]
  pruneopts = "UT"
  revision = "490b001d03d16a116d7c44d95d216c69a1aae798"
  version = "v2.0.2"

[[projects]]
  branch = "master"
  digest = "1:47844666be86089349a441f5f0ece22f42a87a8cb8c9a31294c593f43209ad19"
  name = "golang.org/x/sys"
  packages = ["unix"]
  pruneopts = "UT"
  revision = "c7b8b68b14567162c6602a7c5659ee0f26417c18"

[solve-meta]
  analyzer-name = "dep"
  analyzer-version = 1
  input-imports = [
    "github.com/asdine/storm",
    "goji.io",
    "goji.io/pat",
  ]
  solver-name = "gps-cdcl"
  solver-version = 1
